
Microsoft Visual Studio Solution File, Format Version 12.00
# Visual Studio Version 17
VisualStudioVersion = 17.1.32228.430
MinimumVisualStudioVersion = 10.0.40219.1
Project("{9A19103F-16F7-4668-BE54-9A1E7A4F7556}") = "StyleGuide", "StyleGuide\StyleGuide.csproj", "{9E9AA829-48C6-464B-A297-3536355EE3B7}"
EndProject
Global
	GlobalSection(SolutionConfigurationPlatforms) = preSolution
		Debug|Any CPU = Debug|Any CPU
		Release|Any CPU = Release|Any CPU
	EndGlobalSection
	GlobalSection(ProjectConfigurationPlatforms) = postSolution
		{9E9AA829-48C6-464B-A297-3536355EE3B7}.Debug|Any CPU.ActiveCfg = Debug|Any CPU
		{9E9AA829-48C6-464B-A297-3536355EE3B7}.Debug|Any CPU.Build.0 = Debug|Any CPU
		{9E9AA829-48C6-464B-A297-3536355EE3B7}.Release|Any CPU.ActiveCfg = Release|Any CPU
		{9E9AA829-48C6-464B-A297-3536355EE3B7}.Release|Any CPU.Build.0 = Release|Any CPU
	EndGlobalSection
	GlobalSection(SolutionProperties) = preSolution
		HideSolutionNode = FALSE
	EndGlobalSection
	GlobalSection(ExtensibilityGlobals) = postSolution
		SolutionGuid = {2CC64694-6A80-40EB-BE36-A5AE5EB64575}
	EndGlobalSection
EndGlobal
